
Microsoft Visual Studio Solution File, Format Version 12.00
# Visual Studio Version 16
VisualStudioVersion = 16.0.34902.97
MinimumVisualStudioVersion = 10.0.40219.1
Project("{9A19103F-16F7-4668-BE54-9A1E7A4F7556}") = "ProgramacaoDoZero", "ProgramacaoDoZero\ProgramacaoDoZero.csproj", "{7BB090E3-62A4-49BA-901C-116E0737A4F3}"
EndProject
Project("{2150E333-8FDC-42A3-9474-1A3956D46DE8}") = "DbScripts", "DbScripts", "{3AA0568D-C661-4BBA-B3A4-750F055575E3}"
	ProjectSection(SolutionItems) = preProject
		Criacao.sql = Criacao.sql
	EndProjectSection
EndProject
Global
	GlobalSection(SolutionConfigurationPlatforms) = preSolution
		Debug|Any CPU = Debug|Any CPU
		Release|Any CPU = Release|Any CPU
	EndGlobalSection
	GlobalSection(ProjectConfigurationPlatforms) = postSolution
		{7BB090E3-62A4-49BA-901C-116E0737A4F3}.Debug|Any CPU.ActiveCfg = Debug|Any CPU
		{7BB090E3-62A4-49BA-901C-116E0737A4F3}.Debug|Any CPU.Build.0 = Debug|Any CPU
		{7BB090E3-62A4-49BA-901C-116E0737A4F3}.Release|Any CPU.ActiveCfg = Release|Any CPU
		{7BB090E3-62A4-49BA-901C-116E0737A4F3}.Release|Any CPU.Build.0 = Release|Any CPU
	EndGlobalSection
	GlobalSection(SolutionProperties) = preSolution
		HideSolutionNode = FALSE
	EndGlobalSection
	GlobalSection(ExtensibilityGlobals) = postSolution
		SolutionGuid = {1C2AFAA1-DEE8-47D7-8B85-6BE1E884D87F}
	EndGlobalSection
EndGlobal
